# THIS IS AN AUTOGENERATED FILE. DO NOT EDIT THIS FILE DIRECTLY.
# yarn lockfile v1


"@dependency/commonPattern@https://github.com/AppScriptIO/commonPattern":
  version "1.0.0"
  resolved "https://github.com/AppScriptIO/commonPattern#d769991196bf668d639a67cfb72af2939adef679"
  dependencies:
    promise-events "^0.1.4"

"@dependency/databaseUtility@https://github.com/AppScriptIO/databaseUtility":
  version "1.0.0"
  resolved "https://github.com/AppScriptIO/databaseUtility#7cbd0bfffcf9434705b083519ffb41a445e530be"
  dependencies:
    "@dependency/namedCurry" "https://github.com/AppScriptIO/namedCurry"

"@dependency/moduleContext@https://github.com/AppScriptIO/moduleContext":
  version "0.1.0"
  resolved "https://github.com/AppScriptIO/moduleContext#66f98280d790d5e8bddf3c2ea8f70080eaa3e931"

"@dependency/multiplePrototypeChain@https://github.com/AppScriptIO/multiplePrototypeChain":
  version "0.1.0"
  resolved "https://github.com/AppScriptIO/multiplePrototypeChain#d907be79e2aedc7eb469c37e515a42b0d6302c0c"

"@dependency/namedCurry@https://github.com/AppScriptIO/namedCurry":
  version "1.0.0"
  resolved "https://github.com/AppScriptIO/namedCurry#6ae0fdbecf4a7bacb791488d2a239d82000b618d"

"@dependency/populateObjectPropertyFromObject@https://github.com/AppScriptIO/populateObjectPropertyFromObject":
  version "0.1.0"
  resolved "https://github.com/AppScriptIO/populateObjectPropertyFromObject#54759699befd70f9f965d7ac53ccc344955d73c9"

"@dependency/promiseProperRace@https://github.com/AppScriptIO/promiseProperRace":
  version "1.0.0"
  resolved "https://github.com/AppScriptIO/promiseProperRace#1e8ab893b1e4036b016bc22e862343cc93d99007"

"@dependency/prototypeChainDebug@https://github.com/AppScriptIO/prototypeChainDebug":
  version "0.1.0"
  resolved "https://github.com/AppScriptIO/prototypeChainDebug#783a82821b2f38893440ca4ae2098c563bc23812"

"bluebird@>= 2.3.2 < 3":
  version "2.11.0"
  resolved "https://registry.yarnpkg.com/bluebird/-/bluebird-2.11.0.tgz#534b9033c022c9579c56ba3b3e5a5caafbb650e1"
  integrity sha1-U0uQM8AiyVecVro7Plpcqvu2UOE=

mixwith@*:
  version "0.1.1"
  resolved "https://registry.yarnpkg.com/mixwith/-/mixwith-0.1.1.tgz#c8995918c5b61fbfda9ad377a857cd47750541c0"
  integrity sha1-yJlZGMW2H7/amtN3qFfNR3UFQcA=

promise-events@^0.1.4:
  version "0.1.4"
  resolved "https://registry.yarnpkg.com/promise-events/-/promise-events-0.1.4.tgz#3c88fae97e448da68f7fcf19d4ee308d6e432d5b"
  integrity sha1-PIj66X5EjaaPf88Z1O4wjW5DLVs=

rethinkdb@*:
  version "2.3.3"
  resolved "https://registry.yarnpkg.com/rethinkdb/-/rethinkdb-2.3.3.tgz#3dc6586e22fa1dabee0d254e64bd0e379fad2f72"
  integrity sha1-PcZYbiL6HavuDSVOZL0ON5+tL3I=
  dependencies:
    bluebird ">= 2.3.2 < 3"
