# THIS IS AN AUTOGENERATED FILE. DO NOT EDIT THIS FILE DIRECTLY.
# yarn lockfile v1


"@dependency/commonPattern@https://github.com/AppScriptIO/commonPattern":
  version "1.0.0"
  resolved "https://github.com/AppScriptIO/commonPattern#cda3f7cb90515516b59833c753ed3dd7fe3ddbda"

"@dependency/databaseUtility@https://github.com/AppScriptIO/databaseUtility":
  version "1.0.0"
  resolved "https://github.com/AppScriptIO/databaseUtility#2a8da76d345a208b69e2932972cc6ef2a3c760cf"

"@dependency/prototypeChainDebug@https://github.com/AppScriptIO/prototypeChainDebug":
  version "0.1.0"
  resolved "https://github.com/AppScriptIO/prototypeChainDebug#1d75703fe130cba52909ce0fae36058d704a8d6f"
